github.com/BurntSushi/toml v1.4.0 h1:kuoIxZQy2WRRk1pttg9asf+WVv6tWQuBNVmK8+nqPr0=
github.com/BurntSushi/toml v1.4.0/go.mod h1:ukJfTF/6rtPPRCnwkur4qwRxa8vTRFBF0uk2lLoLwho=
github.com/foomo/soap v0.1.0 h1:THvxMF2JQrVtPE2b6Y0lScv9bXBQUr71gMw0cf6y2ZI=
github.com/foomo/soap v0.1.0/go.mod h1:iEr9ZbPhpWb/xprwFGaxmpV3uXTP0veBkSRA5kkGlWg=
